
Microsoft Visual Studio Solution File, Format Version 12.00
# Visual Studio 15
VisualStudioVersion = 15.0.27428.1
MinimumVisualStudioVersion = 10.0.40219.1
Project("{FAE04EC0-301F-11D3-BF4B-00C04F79EFBC}") = "ClassWork_Parking", "ClassWork_Parking\ClassWork_Parking.csproj", "{5BC0A0A8-3221-47C3-958F-6D5AA3E5228D}"
EndProject
Global
	GlobalSection(SolutionConfigurationPlatforms) = preSolution
		Debug|Any CPU = Debug|Any CPU
		Release|Any CPU = Release|Any CPU
	EndGlobalSection
	GlobalSection(ProjectConfigurationPlatforms) = postSolution
		{5BC0A0A8-3221-47C3-958F-6D5AA3E5228D}.Debug|Any CPU.ActiveCfg = Debug|Any CPU
		{5BC0A0A8-3221-47C3-958F-6D5AA3E5228D}.Debug|Any CPU.Build.0 = Debug|Any CPU
		{5BC0A0A8-3221-47C3-958F-6D5AA3E5228D}.Release|Any CPU.ActiveCfg = Release|Any CPU
		{5BC0A0A8-3221-47C3-958F-6D5AA3E5228D}.Release|Any CPU.Build.0 = Release|Any CPU
	EndGlobalSection
	GlobalSection(SolutionProperties) = preSolution
		HideSolutionNode = FALSE
	EndGlobalSection
	GlobalSection(ExtensibilityGlobals) = postSolution
		SolutionGuid = {FA1DBF3D-1041-453E-A674-9A1B5F3212C0}
	EndGlobalSection
EndGlobal
